// !$*UTF8*$!
{
	archiveVersion = 1;
	classes = {
	};
	objectVersion = 48;
	objects = {

/* Begin PBXBuildFile section */
		361B78E520828A5100E1106C /* AppDelegate.swift in Sources */ = {isa = PBXBuildFile; fileRef = 361B78E420828A5100E1106C /* AppDelegate.swift */; };
		361B78E720828A5100E1106C /* GameViewController.swift in Sources */ = {isa = PBXBuildFile; fileRef = 361B78E620828A5100E1106C /* GameViewController.swift */; };
		361B78EA20828A5100E1106C /* Main.storyboard in Resources */ = {isa = PBXBuildFile; fileRef = 361B78E820828A5100E1106C /* Main.storyboard */; };
		361B78ED20828A5100E1106C /* LaunchScreen.storyboard in Resources */ = {isa = PBXBuildFile; fileRef = 361B78EB20828A5100E1106C /* LaunchScreen.storyboard */; };
		361B78F620828A5100E1106C /* AppDelegate.swift in Sources */ = {isa = PBXBuildFile; fileRef = 361B78F520828A5100E1106C /* AppDelegate.swift */; };
		361B78F820828A5100E1106C /* GameViewController.swift in Sources */ = {isa = PBXBuildFile; fileRef = 361B78F720828A5100E1106C /* GameViewController.swift */; };
		361B78FB20828A5100E1106C /* Main.storyboard in Resources */ = {isa = PBXBuildFile; fileRef = 361B78F920828A5100E1106C /* Main.storyboard */; };
		361B78FF20828A5100E1106C /* GameScene.sks in Resources */ = {isa = PBXBuildFile; fileRef = 361B78DA20828A5100E1106C /* GameScene.sks */; };
		361B790020828A5100E1106C /* GameScene.sks in Resources */ = {isa = PBXBuildFile; fileRef = 361B78DA20828A5100E1106C /* GameScene.sks */; };
		361B790120828A5100E1106C /* GameScene.swift in Sources */ = {isa = PBXBuildFile; fileRef = 361B78DB20828A5100E1106C /* GameScene.swift */; };
		361B790220828A5100E1106C /* GameScene.swift in Sources */ = {isa = PBXBuildFile; fileRef = 361B78DB20828A5100E1106C /* GameScene.swift */; };
		361B790320828A5100E1106C /* Assets.xcassets in Resources */ = {isa = PBXBuildFile; fileRef = 361B78DC20828A5100E1106C /* Assets.xcassets */; };
		361B790420828A5100E1106C /* Assets.xcassets in Resources */ = {isa = PBXBuildFile; fileRef = 361B78DC20828A5100E1106C /* Assets.xcassets */; };
		361B790F20828B3400E1106C /* SExpr.swift in Sources */ = {isa = PBXBuildFile; fileRef = 361B790E20828B3400E1106C /* SExpr.swift */; };
		361B791120828B8700E1106C /* SToken.swift in Sources */ = {isa = PBXBuildFile; fileRef = 361B791020828B8700E1106C /* SToken.swift */; };
		361B791420828C3000E1106C /* Standard.lisp in Resources */ = {isa = PBXBuildFile; fileRef = 361B791320828C3000E1106C /* Standard.lisp */; };
		361B791520828C3000E1106C /* Standard.lisp in Resources */ = {isa = PBXBuildFile; fileRef = 361B791320828C3000E1106C /* Standard.lisp */; };
		361B79172082918300E1106C /* Parse.swift in Sources */ = {isa = PBXBuildFile; fileRef = 361B79162082918300E1106C /* Parse.swift */; };
		361B79182082918300E1106C /* Parse.swift in Sources */ = {isa = PBXBuildFile; fileRef = 361B79162082918300E1106C /* Parse.swift */; };
		361B791A2082918900E1106C /* Lex.swift in Sources */ = {isa = PBXBuildFile; fileRef = 361B79192082918900E1106C /* Lex.swift */; };
		361B791B2082918900E1106C /* Lex.swift in Sources */ = {isa = PBXBuildFile; fileRef = 361B79192082918900E1106C /* Lex.swift */; };
		361B791D208291FC00E1106C /* Locd.swift in Sources */ = {isa = PBXBuildFile; fileRef = 361B791C208291FC00E1106C /* Locd.swift */; };
		361B791E208291FC00E1106C /* Locd.swift in Sources */ = {isa = PBXBuildFile; fileRef = 361B791C208291FC00E1106C /* Locd.swift */; };
		361B79202082921C00E1106C /* Loc.swift in Sources */ = {isa = PBXBuildFile; fileRef = 361B791F2082921C00E1106C /* Loc.swift */; };
		361B79212082921C00E1106C /* Loc.swift in Sources */ = {isa = PBXBuildFile; fileRef = 361B791F2082921C00E1106C /* Loc.swift */; };
		36B57CD32082C0FD00E957C8 /* SExpr.swift in Sources */ = {isa = PBXBuildFile; fileRef = 361B790E20828B3400E1106C /* SExpr.swift */; };
		36B57CD42082C0FD00E957C8 /* SToken.swift in Sources */ = {isa = PBXBuildFile; fileRef = 361B791020828B8700E1106C /* SToken.swift */; };
		36B57CE42082C29B00E957C8 /* LispTests.swift in Sources */ = {isa = PBXBuildFile; fileRef = 36B57CE32082C29B00E957C8 /* LispTests.swift */; };
		36B57CE72082C60500E957C8 /* LispNodeController.swift in Sources */ = {isa = PBXBuildFile; fileRef = 36B57CE62082C60500E957C8 /* LispNodeController.swift */; };
		36B57CE82082C60500E957C8 /* LispNodeController.swift in Sources */ = {isa = PBXBuildFile; fileRef = 36B57CE62082C60500E957C8 /* LispNodeController.swift */; };
		36B57CF02082C75000E957C8 /* CGPoint.swift in Sources */ = {isa = PBXBuildFile; fileRef = 36B57CEC2082C75000E957C8 /* CGPoint.swift */; };
		36B57CF12082C75000E957C8 /* CGPoint.swift in Sources */ = {isa = PBXBuildFile; fileRef = 36B57CEC2082C75000E957C8 /* CGPoint.swift */; };
		36B57CF22082C75000E957C8 /* CGSize.swift in Sources */ = {isa = PBXBuildFile; fileRef = 36B57CED2082C75000E957C8 /* CGSize.swift */; };
		36B57CF32082C75000E957C8 /* CGSize.swift in Sources */ = {isa = PBXBuildFile; fileRef = 36B57CED2082C75000E957C8 /* CGSize.swift */; };
		36B57CF42082C75000E957C8 /* Optional.swift in Sources */ = {isa = PBXBuildFile; fileRef = 36B57CEE2082C75000E957C8 /* Optional.swift */; };
		36B57CF52082C75000E957C8 /* Optional.swift in Sources */ = {isa = PBXBuildFile; fileRef = 36B57CEE2082C75000E957C8 /* Optional.swift */; };
		36B57CF62082C75000E957C8 /* CGRect.swift in Sources */ = {isa = PBXBuildFile; fileRef = 36B57CEF2082C75000E957C8 /* CGRect.swift */; };
		36B57CF72082C75000E957C8 /* CGRect.swift in Sources */ = {isa = PBXBuildFile; fileRef = 36B57CEF2082C75000E957C8 /* CGRect.swift */; };
		36B57CF92082C8A500E957C8 /* Print.swift in Sources */ = {isa = PBXBuildFile; fileRef = 36B57CF82082C8A500E957C8 /* Print.swift */; };
		36B57CFA2082C8A500E957C8 /* Print.swift in Sources */ = {isa = PBXBuildFile; fileRef = 36B57CF82082C8A500E957C8 /* Print.swift */; };
		36B57CFC2082CB5D00E957C8 /* Template.swift in Sources */ = {isa = PBXBuildFile; fileRef = 36B57CFB2082CB5D00E957C8 /* Template.swift */; };
		36B57CFD2082CB5D00E957C8 /* Template.swift in Sources */ = {isa = PBXBuildFile; fileRef = 36B57CFB2082CB5D00E957C8 /* Template.swift */; };
		36B57CFF2082CD4000E957C8 /* TemplateItem.swift in Sources */ = {isa = PBXBuildFile; fileRef = 36B57CFE2082CD4000E957C8 /* TemplateItem.swift */; };
		36B57D002082CD4000E957C8 /* TemplateItem.swift in Sources */ = {isa = PBXBuildFile; fileRef = 36B57CFE2082CD4000E957C8 /* TemplateItem.swift */; };
		36B57D022082D02900E957C8 /* FallingLispNodeController.swift in Sources */ = {isa = PBXBuildFile; fileRef = 36B57D012082D02900E957C8 /* FallingLispNodeController.swift */; };
		36B57D032082D02900E957C8 /* FallingLispNodeController.swift in Sources */ = {isa = PBXBuildFile; fileRef = 36B57D012082D02900E957C8 /* FallingLispNodeController.swift */; };
		36B57D052082D20400E957C8 /* LispSpawner.swift in Sources */ = {isa = PBXBuildFile; fileRef = 36B57D042082D20400E957C8 /* LispSpawner.swift */; };
		36B57D062082D20400E957C8 /* LispSpawner.swift in Sources */ = {isa = PBXBuildFile; fileRef = 36B57D042082D20400E957C8 /* LispSpawner.swift */; };
		36B57D0E2082D62000E957C8 /* InactiveLispWorldController.swift in Sources */ = {isa = PBXBuildFile; fileRef = 36B57D0D2082D62000E957C8 /* InactiveLispWorldController.swift */; };
		36B57D0F2082D62000E957C8 /* InactiveLispWorldController.swift in Sources */ = {isa = PBXBuildFile; fileRef = 36B57D0D2082D62000E957C8 /* InactiveLispWorldController.swift */; };
		36B57D112082D74000E957C8 /* Random.swift in Sources */ = {isa = PBXBuildFile; fileRef = 36B57D102082D74000E957C8 /* Random.swift */; };
		36B57D122082D74000E957C8 /* Random.swift in Sources */ = {isa = PBXBuildFile; fileRef = 36B57D102082D74000E957C8 /* Random.swift */; };
		36B57D142082E1AF00E957C8 /* SKFont.swift in Sources */ = {isa = PBXBuildFile; fileRef = 36B57D132082E1AF00E957C8 /* SKFont.swift */; };
		36B57D152082E1AF00E957C8 /* SKFont.swift in Sources */ = {isa = PBXBuildFile; fileRef = 36B57D132082E1AF00E957C8 /* SKFont.swift */; };
		36B57D172082E3D400E957C8 /* LispWorldController.swift in Sources */ = {isa = PBXBuildFile; fileRef = 36B57D162082E3D400E957C8 /* LispWorldController.swift */; };
		36B57D182082E3D400E957C8 /* LispWorldController.swift in Sources */ = {isa = PBXBuildFile; fileRef = 36B57D162082E3D400E957C8 /* LispWorldController.swift */; };
		36B57D1A2082E86D00E957C8 /* SKNode.swift in Sources */ = {isa = PBXBuildFile; fileRef = 36B57D192082E86D00E957C8 /* SKNode.swift */; };
		36B57D1B2082E86D00E957C8 /* SKNode.swift in Sources */ = {isa = PBXBuildFile; fileRef = 36B57D192082E86D00E957C8 /* SKNode.swift */; };
		36B57D1D2082EDA800E957C8 /* SKLabelNode.swift in Sources */ = {isa = PBXBuildFile; fileRef = 36B57D1C2082EDA700E957C8 /* SKLabelNode.swift */; };
		36B57D1E2082EDA800E957C8 /* SKLabelNode.swift in Sources */ = {isa = PBXBuildFile; fileRef = 36B57D1C2082EDA700E957C8 /* SKLabelNode.swift */; };
		36B57D202082F81700E957C8 /* FillRand.swift in Sources */ = {isa = PBXBuildFile; fileRef = 36B57D1F2082F81700E957C8 /* FillRand.swift */; };
		36B57D212082F81700E957C8 /* FillRand.swift in Sources */ = {isa = PBXBuildFile; fileRef = 36B57D1F2082F81700E957C8 /* FillRand.swift */; };
		36B57D2320830DF200E957C8 /* CannonController.swift in Sources */ = {isa = PBXBuildFile; fileRef = 36B57D2220830DF200E957C8 /* CannonController.swift */; };
		36B57D2420830DF200E957C8 /* CannonController.swift in Sources */ = {isa = PBXBuildFile; fileRef = 36B57D2220830DF200E957C8 /* CannonController.swift */; };
		36B57D2A208319BE00E957C8 /* ProjectileController.swift in Sources */ = {isa = PBXBuildFile; fileRef = 36B57D29208319BE00E957C8 /* ProjectileController.swift */; };
		36B57D2B208319BE00E957C8 /* ProjectileController.swift in Sources */ = {isa = PBXBuildFile; fileRef = 36B57D29208319BE00E957C8 /* ProjectileController.swift */; };
		36B57D2D20831B9800E957C8 /* ZPositions.swift in Sources */ = {isa = PBXBuildFile; fileRef = 36B57D2C20831B9800E957C8 /* ZPositions.swift */; };
		36B57D2E20831B9800E957C8 /* ZPositions.swift in Sources */ = {isa = PBXBuildFile; fileRef = 36B57D2C20831B9800E957C8 /* ZPositions.swift */; };
		36B57D3520831FAA00E957C8 /* CannonBase.png in Resources */ = {isa = PBXBuildFile; fileRef = 36B57D3120831FAA00E957C8 /* CannonBase.png */; };
		36B57D3620831FAA00E957C8 /* CannonBase.png in Resources */ = {isa = PBXBuildFile; fileRef = 36B57D3120831FAA00E957C8 /* CannonBase.png */; };
		36B57D3920831FAA00E957C8 /* CannonHead.png in Resources */ = {isa = PBXBuildFile; fileRef = 36B57D3320831FAA00E957C8 /* CannonHead.png */; };
		36B57D3A20831FAA00E957C8 /* CannonHead.png in Resources */ = {isa = PBXBuildFile; fileRef = 36B57D3320831FAA00E957C8 /* CannonHead.png */; };
		36B57D3E20832E7D00E957C8 /* LispController.swift in Sources */ = {isa = PBXBuildFile; fileRef = 36B57D3D20832E7D00E957C8 /* LispController.swift */; };
		36B57D3F20832E7D00E957C8 /* LispController.swift in Sources */ = {isa = PBXBuildFile; fileRef = 36B57D3D20832E7D00E957C8 /* LispController.swift */; };
		36B57D442083479D00E957C8 /* CGFloat.swift in Sources */ = {isa = PBXBuildFile; fileRef = 36B57D432083479D00E957C8 /* CGFloat.swift */; };
		36B57D452083479D00E957C8 /* CGFloat.swift in Sources */ = {isa = PBXBuildFile; fileRef = 36B57D432083479D00E957C8 /* CGFloat.swift */; };
		36B57D4720835FAF00E957C8 /* ScoreController.swift in Sources */ = {isa = PBXBuildFile; fileRef = 36B57D4620835FAF00E957C8 /* ScoreController.swift */; };
		36B57D4820835FAF00E957C8 /* ScoreController.swift in Sources */ = {isa = PBXBuildFile; fileRef = 36B57D4620835FAF00E957C8 /* ScoreController.swift */; };
		36B57D4A2083606800E957C8 /* StatusController.swift in Sources */ = {isa = PBXBuildFile; fileRef = 36B57D492083606800E957C8 /* StatusController.swift */; };
		36B57D4B2083606800E957C8 /* StatusController.swift in Sources */ = {isa = PBXBuildFile; fileRef = 36B57D492083606800E957C8 /* StatusController.swift */; };
		36B57D4D2083608800E957C8 /* GameStatus.swift in Sources */ = {isa = PBXBuildFile; fileRef = 36B57D4C2083608800E957C8 /* GameStatus.swift */; };
		36B57D4E2083608800E957C8 /* GameStatus.swift in Sources */ = {isa = PBXBuildFile; fileRef = 36B57D4C2083608800E957C8 /* GameStatus.swift */; };
		36B57D502083669D00E957C8 /* Buffer.png in Resources */ = {isa = PBXBuildFile; fileRef = 36B57D4F2083669D00E957C8 /* Buffer.png */; };
		36B57D512083669D00E957C8 /* Buffer.png in Resources */ = {isa = PBXBuildFile; fileRef = 36B57D4F2083669D00E957C8 /* Buffer.png */; };
		36B57D532083694500E957C8 /* Buffer Arrow.png in Resources */ = {isa = PBXBuildFile; fileRef = 36B57D522083694500E957C8 /* Buffer Arrow.png */; };
		36B57D542083694500E957C8 /* Buffer Arrow.png in Resources */ = {isa = PBXBuildFile; fileRef = 36B57D522083694500E957C8 /* Buffer Arrow.png */; };
		36B57D5920836DD900E957C8 /* Background.jpg in Resources */ = {isa = PBXBuildFile; fileRef = 36B57D5820836DD900E957C8 /* Background.jpg */; };
		36B57D5A20836DD900E957C8 /* Background.jpg in Resources */ = {isa = PBXBuildFile; fileRef = 36B57D5820836DD900E957C8 /* Background.jpg */; };
		60372106C6E88D1366BD47A6 /* Dictionary.swift in Sources */ = {isa = PBXBuildFile; fileRef = 60372B8CD93209C8C12350B6 /* Dictionary.swift */; };
		60372118DE84985ABE114119 /* SEmojiEffect.swift in Sources */ = {isa = PBXBuildFile; fileRef = 603729D6A55DF834174FFFCE /* SEmojiEffect.swift */; };
		6037217D3BD6458D42954EC9 /* Eval.swift in Sources */ = {isa = PBXBuildFile; fileRef = 6037269444502267E7C57CAB /* Eval.swift */; };
		60372241C03E1408544CE0F7 /* SEmojiEffect.swift in Sources */ = {isa = PBXBuildFile; fileRef = 603729D6A55DF834174FFFCE /* SEmojiEffect.swift */; };
		603722A56D81619BC0FE65F7 /* SAtom.swift in Sources */ = {isa = PBXBuildFile; fileRef = 60372705307151FB8A439768 /* SAtom.swift */; };
		603722D09E90411DFF109208 /* Eval.swift in Sources */ = {isa = PBXBuildFile; fileRef = 6037269444502267E7C57CAB /* Eval.swift */; };
		603722D82289218CA269B31D /* DLocd.swift in Sources */ = {isa = PBXBuildFile; fileRef = 6037276904F26752F38FFDFB /* DLocd.swift */; };
		603722DC4268058C44C2D0A9 /* SContext.swift in Sources */ = {isa = PBXBuildFile; fileRef = 6037212A30FC8CA6576EE522 /* SContext.swift */; };
		603723AC0522D4563D3A3683 /* DLocdSExpr.swift in Sources */ = {isa = PBXBuildFile; fileRef = 60372ABC570A253ABAA85378 /* DLocdSExpr.swift */; };
		6037246CBE874EC0904FD39D /* SEmoji.swift in Sources */ = {isa = PBXBuildFile; fileRef = 60372D09F1CCA445304EF9DA /* SEmoji.swift */; };
		603725EAB17677E7AC0B5B7B /* DLocd.swift in Sources */ = {isa = PBXBuildFile; fileRef = 6037276904F26752F38FFDFB /* DLocd.swift */; };
		6037262B7ED4D1C20B8D0C04 /* Array.swift in Sources */ = {isa = PBXBuildFile; fileRef = 60372D1164A7D84082AF7878 /* Array.swift */; };
		60372790DFDD69C07BE607F8 /* Dictionary.swift in Sources */ = {isa = PBXBuildFile; fileRef = 60372B8CD93209C8C12350B6 /* Dictionary.swift */; };
		60372AEF188D6CEF7676ABAE /* SEmoji.swift in Sources */ = {isa = PBXBuildFile; fileRef = 60372D09F1CCA445304EF9DA /* SEmoji.swift */; };
		60372C25DA8A29CDE72EF5AE /* SContext.swift in Sources */ = {isa = PBXBuildFile; fileRef = 6037212A30FC8CA6576EE522 /* SContext.swift */; };
		60372DA821CC5A857A1FC86F /* DLocdSExpr.swift in Sources */ = {isa = PBXBuildFile; fileRef = 60372ABC570A253ABAA85378 /* DLocdSExpr.swift */; };
		60372EB01F15628956585BE6 /* FromBool.swift in Sources */ = {isa = PBXBuildFile; fileRef = 60372E32547AC198ECC7F7D8 /* FromBool.swift */; };
		60372EE2A90A00DC90424E36 /* Array.swift in Sources */ = {isa = PBXBuildFile; fileRef = 60372D1164A7D84082AF7878 /* Array.swift */; };
		60372F12BFAC25AAF0B9B147 /* FromBool.swift in Sources */ = {isa = PBXBuildFile; fileRef = 60372E32547AC198ECC7F7D8 /* FromBool.swift */; };
		60372F991C28D87A17FC6CF8 /* SAtom.swift in Sources */ = {isa = PBXBuildFile; fileRef = 60372705307151FB8A439768 /* SAtom.swift */; };
/* End PBXBuildFile section */

/* Begin PBXContainerItemProxy section */
		36B57CDE2082C26F00E957C8 /* PBXContainerItemProxy */ = {
			isa = PBXContainerItemProxy;
			containerPortal = 361B78D420828A5100E1106C /* Project object */;
			proxyType = 1;
			remoteGlobalIDString = 361B78F220828A5100E1106C;
			remoteInfo = "LISPDefenders macOS";
		};
/* End PBXContainerItemProxy section */

/* Begin PBXFileReference section */
		361B78DA20828A5100E1106C /* GameScene.sks */ = {isa = PBXFileReference; lastKnownFileType = file.sks; path = GameScene.sks; sourceTree = "<group>"; };
		361B78DB20828A5100E1106C /* GameScene.swift */ = {isa = PBXFileReference; lastKnownFileType = sourcecode.swift; path = GameScene.swift; sourceTree = "<group>"; };
		361B78DC20828A5100E1106C /* Assets.xcassets */ = {isa = PBXFileReference; lastKnownFileType = folder.assetcatalog; path = Assets.xcassets; sourceTree = "<group>"; };
		361B78E120828A5100E1106C /* LISPDefenders.app */ = {isa = PBXFileReference; explicitFileType = wrapper.application; includeInIndex = 0; path = LISPDefenders.app; sourceTree = BUILT_PRODUCTS_DIR; };
		361B78E420828A5100E1106C /* AppDelegate.swift */ = {isa = PBXFileReference; lastKnownFileType = sourcecode.swift; path = AppDelegate.swift; sourceTree = "<group>"; };
		361B78E620828A5100E1106C /* GameViewController.swift */ = {isa = PBXFileReference; lastKnownFileType = sourcecode.swift; path = GameViewController.swift; sourceTree = "<group>"; };
		361B78E920828A5100E1106C /* Base */ = {isa = PBXFileReference; lastKnownFileType = file.storyboard; name = Base; path = Base.lproj/Main.storyboard; sourceTree = "<group>"; };
		361B78EC20828A5100E1106C /* Base */ = {isa = PBXFileReference; lastKnownFileType = file.storyboard; name = Base; path = Base.lproj/LaunchScreen.storyboard; sourceTree = "<group>"; };
		361B78EE20828A5100E1106C /* Info.plist */ = {isa = PBXFileReference; lastKnownFileType = text.plist.xml; path = Info.plist; sourceTree = "<group>"; };
		361B78F320828A5100E1106C /* LISPDefenders.app */ = {isa = PBXFileReference; explicitFileType = wrapper.application; includeInIndex = 0; path = LISPDefenders.app; sourceTree = BUILT_PRODUCTS_DIR; };
		361B78F520828A5100E1106C /* AppDelegate.swift */ = {isa = PBXFileReference; lastKnownFileType = sourcecode.swift; path = AppDelegate.swift; sourceTree = "<group>"; };
		361B78F720828A5100E1106C /* GameViewController.swift */ = {isa = PBXFileReference; lastKnownFileType = sourcecode.swift; path = GameViewController.swift; sourceTree = "<group>"; };
		361B78FA20828A5100E1106C /* Base */ = {isa = PBXFileReference; lastKnownFileType = file.storyboard; name = Base; path = Base.lproj/Main.storyboard; sourceTree = "<group>"; };
		361B78FC20828A5100E1106C /* Info.plist */ = {isa = PBXFileReference; lastKnownFileType = text.plist.xml; path = Info.plist; sourceTree = "<group>"; };
		361B790E20828B3400E1106C /* SExpr.swift */ = {isa = PBXFileReference; lastKnownFileType = sourcecode.swift; path = SExpr.swift; sourceTree = "<group>"; };
		361B791020828B8700E1106C /* SToken.swift */ = {isa = PBXFileReference; lastKnownFileType = sourcecode.swift; path = SToken.swift; sourceTree = "<group>"; };
		361B791320828C3000E1106C /* Standard.lisp */ = {isa = PBXFileReference; lastKnownFileType = text; path = Standard.lisp; sourceTree = "<group>"; };
		361B79162082918300E1106C /* Parse.swift */ = {isa = PBXFileReference; lastKnownFileType = sourcecode.swift; path = Parse.swift; sourceTree = "<group>"; };
		361B79192082918900E1106C /* Lex.swift */ = {isa = PBXFileReference; lastKnownFileType = sourcecode.swift; path = Lex.swift; sourceTree = "<group>"; };
		361B791C208291FC00E1106C /* Locd.swift */ = {isa = PBXFileReference; lastKnownFileType = sourcecode.swift; path = Locd.swift; sourceTree = "<group>"; };
		361B791F2082921C00E1106C /* Loc.swift */ = {isa = PBXFileReference; lastKnownFileType = sourcecode.swift; path = Loc.swift; sourceTree = "<group>"; };
		36B57CD92082C26F00E957C8 /* LISPDefendersTests.xctest */ = {isa = PBXFileReference; explicitFileType = wrapper.cfbundle; includeInIndex = 0; path = LISPDefendersTests.xctest; sourceTree = BUILT_PRODUCTS_DIR; };
		36B57CDD2082C26F00E957C8 /* Info.plist */ = {isa = PBXFileReference; lastKnownFileType = text.plist.xml; path = Info.plist; sourceTree = "<group>"; };
		36B57CE32082C29B00E957C8 /* LispTests.swift */ = {isa = PBXFileReference; lastKnownFileType = sourcecode.swift; path = LispTests.swift; sourceTree = "<group>"; };
		36B57CE62082C60500E957C8 /* LispNodeController.swift */ = {isa = PBXFileReference; lastKnownFileType = sourcecode.swift; path = LispNodeController.swift; sourceTree = "<group>"; };
		36B57CEC2082C75000E957C8 /* CGPoint.swift */ = {isa = PBXFileReference; fileEncoding = 4; lastKnownFileType = sourcecode.swift; path = CGPoint.swift; sourceTree = "<group>"; };
		36B57CED2082C75000E957C8 /* CGSize.swift */ = {isa = PBXFileReference; fileEncoding = 4; lastKnownFileType = sourcecode.swift; path = CGSize.swift; sourceTree = "<group>"; };
		36B57CEE2082C75000E957C8 /* Optional.swift */ = {isa = PBXFileReference; fileEncoding = 4; lastKnownFileType = sourcecode.swift; path = Optional.swift; sourceTree = "<group>"; };
		36B57CEF2082C75000E957C8 /* CGRect.swift */ = {isa = PBXFileReference; fileEncoding = 4; lastKnownFileType = sourcecode.swift; path = CGRect.swift; sourceTree = "<group>"; };
		36B57CF82082C8A500E957C8 /* Print.swift */ = {isa = PBXFileReference; lastKnownFileType = sourcecode.swift; path = Print.swift; sourceTree = "<group>"; };
		36B57CFB2082CB5D00E957C8 /* Template.swift */ = {isa = PBXFileReference; lastKnownFileType = sourcecode.swift; path = Template.swift; sourceTree = "<group>"; };
		36B57CFE2082CD4000E957C8 /* TemplateItem.swift */ = {isa = PBXFileReference; lastKnownFileType = sourcecode.swift; path = TemplateItem.swift; sourceTree = "<group>"; };
		36B57D012082D02900E957C8 /* FallingLispNodeController.swift */ = {isa = PBXFileReference; lastKnownFileType = sourcecode.swift; path = FallingLispNodeController.swift; sourceTree = "<group>"; };
		36B57D042082D20400E957C8 /* LispSpawner.swift */ = {isa = PBXFileReference; lastKnownFileType = sourcecode.swift; path = LispSpawner.swift; sourceTree = "<group>"; };
		36B57D0D2082D62000E957C8 /* InactiveLispWorldController.swift */ = {isa = PBXFileReference; lastKnownFileType = sourcecode.swift; path = InactiveLispWorldController.swift; sourceTree = "<group>"; };
		36B57D102082D74000E957C8 /* Random.swift */ = {isa = PBXFileReference; lastKnownFileType = sourcecode.swift; path = Random.swift; sourceTree = "<group>"; };
		36B57D132082E1AF00E957C8 /* SKFont.swift */ = {isa = PBXFileReference; lastKnownFileType = sourcecode.swift; path = SKFont.swift; sourceTree = "<group>"; };
		36B57D162082E3D400E957C8 /* LispWorldController.swift */ = {isa = PBXFileReference; lastKnownFileType = sourcecode.swift; path = LispWorldController.swift; sourceTree = "<group>"; };
		36B57D192082E86D00E957C8 /* SKNode.swift */ = {isa = PBXFileReference; lastKnownFileType = sourcecode.swift; path = SKNode.swift; sourceTree = "<group>"; };
		36B57D1C2082EDA700E957C8 /* SKLabelNode.swift */ = {isa = PBXFileReference; fileEncoding = 4; lastKnownFileType = sourcecode.swift; path = SKLabelNode.swift; sourceTree = "<group>"; };
		36B57D1F2082F81700E957C8 /* FillRand.swift */ = {isa = PBXFileReference; lastKnownFileType = sourcecode.swift; path = FillRand.swift; sourceTree = "<group>"; };
		36B57D2220830DF200E957C8 /* CannonController.swift */ = {isa = PBXFileReference; lastKnownFileType = sourcecode.swift; path = CannonController.swift; sourceTree = "<group>"; };
		36B57D29208319BE00E957C8 /* ProjectileController.swift */ = {isa = PBXFileReference; lastKnownFileType = sourcecode.swift; path = ProjectileController.swift; sourceTree = "<group>"; };
		36B57D2C20831B9800E957C8 /* ZPositions.swift */ = {isa = PBXFileReference; lastKnownFileType = sourcecode.swift; path = ZPositions.swift; sourceTree = "<group>"; };
		36B57D3120831FAA00E957C8 /* CannonBase.png */ = {isa = PBXFileReference; lastKnownFileType = image.png; path = CannonBase.png; sourceTree = "<group>"; };
		36B57D3320831FAA00E957C8 /* CannonHead.png */ = {isa = PBXFileReference; lastKnownFileType = image.png; path = CannonHead.png; sourceTree = "<group>"; };
		36B57D3D20832E7D00E957C8 /* LispController.swift */ = {isa = PBXFileReference; lastKnownFileType = sourcecode.swift; path = LispController.swift; sourceTree = "<group>"; };
		36B57D432083479D00E957C8 /* CGFloat.swift */ = {isa = PBXFileReference; lastKnownFileType = sourcecode.swift; path = CGFloat.swift; sourceTree = "<group>"; };
		36B57D4620835FAF00E957C8 /* ScoreController.swift */ = {isa = PBXFileReference; lastKnownFileType = sourcecode.swift; path = ScoreController.swift; sourceTree = "<group>"; };
		36B57D492083606800E957C8 /* StatusController.swift */ = {isa = PBXFileReference; lastKnownFileType = sourcecode.swift; path = StatusController.swift; sourceTree = "<group>"; };
		36B57D4C2083608800E957C8 /* GameStatus.swift */ = {isa = PBXFileReference; lastKnownFileType = sourcecode.swift; path = GameStatus.swift; sourceTree = "<group>"; };
		36B57D4F2083669D00E957C8 /* Buffer.png */ = {isa = PBXFileReference; lastKnownFileType = image.png; path = Buffer.png; sourceTree = "<group>"; };
		36B57D522083694500E957C8 /* Buffer Arrow.png */ = {isa = PBXFileReference; lastKnownFileType = image.png; path = "Buffer Arrow.png"; sourceTree = "<group>"; };
		36B57D5820836DD900E957C8 /* Background.jpg */ = {isa = PBXFileReference; lastKnownFileType = image.jpeg; name = Background.jpg; path = ../../../../../Downloads/Background.jpg; sourceTree = "<group>"; };
		6037212A30FC8CA6576EE522 /* SContext.swift */ = {isa = PBXFileReference; fileEncoding = 4; lastKnownFileType = sourcecode.swift; path = SContext.swift; sourceTree = "<group>"; };
		6037269444502267E7C57CAB /* Eval.swift */ = {isa = PBXFileReference; fileEncoding = 4; lastKnownFileType = sourcecode.swift; path = Eval.swift; sourceTree = "<group>"; };
		60372705307151FB8A439768 /* SAtom.swift */ = {isa = PBXFileReference; fileEncoding = 4; lastKnownFileType = sourcecode.swift; path = SAtom.swift; sourceTree = "<group>"; };
		6037276904F26752F38FFDFB /* DLocd.swift */ = {isa = PBXFileReference; fileEncoding = 4; lastKnownFileType = sourcecode.swift; path = DLocd.swift; sourceTree = "<group>"; };
		603729D6A55DF834174FFFCE /* SEmojiEffect.swift */ = {isa = PBXFileReference; fileEncoding = 4; lastKnownFileType = sourcecode.swift; path = SEmojiEffect.swift; sourceTree = "<group>"; };
		60372ABC570A253ABAA85378 /* DLocdSExpr.swift */ = {isa = PBXFileReference; fileEncoding = 4; lastKnownFileType = sourcecode.swift; path = DLocdSExpr.swift; sourceTree = "<group>"; };
		60372B8CD93209C8C12350B6 /* Dictionary.swift */ = {isa = PBXFileReference; fileEncoding = 4; lastKnownFileType = sourcecode.swift; path = Dictionary.swift; sourceTree = "<group>"; };
		60372D09F1CCA445304EF9DA /* SEmoji.swift */ = {isa = PBXFileReference; fileEncoding = 4; lastKnownFileType = sourcecode.swift; path = SEmoji.swift; sourceTree = "<group>"; };
		60372D1164A7D84082AF7878 /* Array.swift */ = {isa = PBXFileReference; fileEncoding = 4; lastKnownFileType = sourcecode.swift; path = Array.swift; sourceTree = "<group>"; };
		60372E32547AC198ECC7F7D8 /* FromBool.swift */ = {isa = PBXFileReference; fileEncoding = 4; lastKnownFileType = sourcecode.swift; path = FromBool.swift; sourceTree = "<group>"; };
/* End PBXFileReference section */

/* Begin PBXFrameworksBuildPhase section */
		361B78DE20828A5100E1106C /* Frameworks */ = {
			isa = PBXFrameworksBuildPhase;
			buildActionMask = 2147483647;
			files = (
			);
			runOnlyForDeploymentPostprocessing = 0;
		};
		361B78F020828A5100E1106C /* Frameworks */ = {
			isa = PBXFrameworksBuildPhase;
			buildActionMask = 2147483647;
			files = (
			);
			runOnlyForDeploymentPostprocessing = 0;
		};
		36B57CD62082C26F00E957C8 /* Frameworks */ = {
			isa = PBXFrameworksBuildPhase;
			buildActionMask = 2147483647;
			files = (
			);
			runOnlyForDeploymentPostprocessing = 0;
		};
/* End PBXFrameworksBuildPhase section */

/* Begin PBXGroup section */
		361B78D320828A5100E1106C = {
			isa = PBXGroup;
			children = (
				361B78D820828A5100E1106C /* LISPDefenders Shared */,
				361B78E320828A5100E1106C /* LISPDefenders iOS */,
				361B78F420828A5100E1106C /* LISPDefenders macOS */,
				36B57CDA2082C26F00E957C8 /* LISPDefendersTests */,
				361B78E220828A5100E1106C /* Products */,
			);
			sourceTree = "<group>";
		};
		361B78D820828A5100E1106C /* LISPDefenders Shared */ = {
			isa = PBXGroup;
			children = (
				361B791220828C0900E1106C /* Templates */,
				36B57CE52082C4EA00E957C8 /* Controller */,
				361B790D20828B2600E1106C /* Model */,
				603722533C3F91F804C3D48E /* Core */,
				361B78DA20828A5100E1106C /* GameScene.sks */,
				36B57D3020831FAA00E957C8 /* Textures */,
				361B78DC20828A5100E1106C /* Assets.xcassets */,
			);
			path = "LISPDefenders Shared";
			sourceTree = "<group>";
		};
		361B78E220828A5100E1106C /* Products */ = {
			isa = PBXGroup;
			children = (
				361B78E120828A5100E1106C /* LISPDefenders.app */,
				361B78F320828A5100E1106C /* LISPDefenders.app */,
				36B57CD92082C26F00E957C8 /* LISPDefendersTests.xctest */,
			);
			name = Products;
			sourceTree = "<group>";
		};
		361B78E320828A5100E1106C /* LISPDefenders iOS */ = {
			isa = PBXGroup;
			children = (
				361B78E420828A5100E1106C /* AppDelegate.swift */,
				361B78E620828A5100E1106C /* GameViewController.swift */,
				361B78E820828A5100E1106C /* Main.storyboard */,
				361B78EB20828A5100E1106C /* LaunchScreen.storyboard */,
				361B78EE20828A5100E1106C /* Info.plist */,
			);
			path = "LISPDefenders iOS";
			sourceTree = "<group>";
		};
		361B78F420828A5100E1106C /* LISPDefenders macOS */ = {
			isa = PBXGroup;
			children = (
				361B78F520828A5100E1106C /* AppDelegate.swift */,
				361B78F720828A5100E1106C /* GameViewController.swift */,
				361B78F920828A5100E1106C /* Main.storyboard */,
				361B78FC20828A5100E1106C /* Info.plist */,
			);
			path = "LISPDefenders macOS";
			sourceTree = "<group>";
		};
		361B790D20828B2600E1106C /* Model */ = {
			isa = PBXGroup;
			children = (
				361B790E20828B3400E1106C /* SExpr.swift */,
				361B791020828B8700E1106C /* SToken.swift */,
				361B79162082918300E1106C /* Parse.swift */,
				361B79192082918900E1106C /* Lex.swift */,
				361B791C208291FC00E1106C /* Locd.swift */,
				361B791F2082921C00E1106C /* Loc.swift */,
				60372ABC570A253ABAA85378 /* DLocdSExpr.swift */,
				60372705307151FB8A439768 /* SAtom.swift */,
				60372D09F1CCA445304EF9DA /* SEmoji.swift */,
				603729D6A55DF834174FFFCE /* SEmojiEffect.swift */,
				6037276904F26752F38FFDFB /* DLocd.swift */,
				6037269444502267E7C57CAB /* Eval.swift */,
				6037212A30FC8CA6576EE522 /* SContext.swift */,
				60372E32547AC198ECC7F7D8 /* FromBool.swift */,
				36B57CF82082C8A500E957C8 /* Print.swift */,
				36B57CFB2082CB5D00E957C8 /* Template.swift */,
				36B57CFE2082CD4000E957C8 /* TemplateItem.swift */,
				36B57D1F2082F81700E957C8 /* FillRand.swift */,
				36B57D4C2083608800E957C8 /* GameStatus.swift */,
			);
			path = Model;
			sourceTree = "<group>";
		};
		361B791220828C0900E1106C /* Templates */ = {
			isa = PBXGroup;
			children = (
				361B791320828C3000E1106C /* Standard.lisp */,
			);
			path = Templates;
			sourceTree = "<group>";
		};
		36B57CDA2082C26F00E957C8 /* LISPDefendersTests */ = {
			isa = PBXGroup;
			children = (
				36B57CDD2082C26F00E957C8 /* Info.plist */,
				36B57CE32082C29B00E957C8 /* LispTests.swift */,
			);
			path = LISPDefendersTests;
			sourceTree = "<group>";
		};
		36B57CE52082C4EA00E957C8 /* Controller */ = {
			isa = PBXGroup;
			children = (
				36B57D2220830DF200E957C8 /* CannonController.swift */,
				36B57D042082D20400E957C8 /* LispSpawner.swift */,
				36B57CE62082C60500E957C8 /* LispNodeController.swift */,
				36B57D3D20832E7D00E957C8 /* LispController.swift */,
				36B57D012082D02900E957C8 /* FallingLispNodeController.swift */,
				36B57D0D2082D62000E957C8 /* InactiveLispWorldController.swift */,
				36B57D162082E3D400E957C8 /* LispWorldController.swift */,
				36B57D29208319BE00E957C8 /* ProjectileController.swift */,
				36B57D4620835FAF00E957C8 /* ScoreController.swift */,
				36B57D492083606800E957C8 /* StatusController.swift */,
				36B57D2C20831B9800E957C8 /* ZPositions.swift */,
				361B78DB20828A5100E1106C /* GameScene.swift */,
			);
			path = Controller;
			sourceTree = "<group>";
		};
		36B57D3020831FAA00E957C8 /* Textures */ = {
			isa = PBXGroup;
			children = (
				36B57D5820836DD900E957C8 /* Background.jpg */,
				36B57D522083694500E957C8 /* Buffer Arrow.png */,
				36B57D4F2083669D00E957C8 /* Buffer.png */,
				36B57D3120831FAA00E957C8 /* CannonBase.png */,
				36B57D3320831FAA00E957C8 /* CannonHead.png */,
			);
			path = Textures;
			sourceTree = "<group>";
		};
		603722533C3F91F804C3D48E /* Core */ = {
			isa = PBXGroup;
			children = (
				36B57D1C2082EDA700E957C8 /* SKLabelNode.swift */,
				36B57CEC2082C75000E957C8 /* CGPoint.swift */,
				36B57CEF2082C75000E957C8 /* CGRect.swift */,
				36B57CED2082C75000E957C8 /* CGSize.swift */,
				36B57D432083479D00E957C8 /* CGFloat.swift */,
				36B57CEE2082C75000E957C8 /* Optional.swift */,
				60372D1164A7D84082AF7878 /* Array.swift */,
				60372B8CD93209C8C12350B6 /* Dictionary.swift */,
				36B57D102082D74000E957C8 /* Random.swift */,
				36B57D132082E1AF00E957C8 /* SKFont.swift */,
				36B57D192082E86D00E957C8 /* SKNode.swift */,
			);
			path = Core;
			sourceTree = "<group>";
		};
/* End PBXGroup section */

/* Begin PBXNativeTarget section */
		361B78E020828A5100E1106C /* LISPDefenders iOS */ = {
			isa = PBXNativeTarget;
			buildConfigurationList = 361B790720828A5100E1106C /* Build configuration list for PBXNativeTarget "LISPDefenders iOS" */;
			buildPhases = (
				361B78DD20828A5100E1106C /* Sources */,
				361B78DE20828A5100E1106C /* Frameworks */,
				361B78DF20828A5100E1106C /* Resources */,
			);
			buildRules = (
			);
			dependencies = (
			);
			name = "LISPDefenders iOS";
			productName = "LISPDefenders iOS";
			productReference = 361B78E120828A5100E1106C /* LISPDefenders.app */;
			productType = "com.apple.product-type.application";
		};
		361B78F220828A5100E1106C /* LISPDefenders macOS */ = {
			isa = PBXNativeTarget;
			buildConfigurationList = 361B790A20828A5100E1106C /* Build configuration list for PBXNativeTarget "LISPDefenders macOS" */;
			buildPhases = (
				361B78EF20828A5100E1106C /* Sources */,
				361B78F020828A5100E1106C /* Frameworks */,
				361B78F120828A5100E1106C /* Resources */,
			);
			buildRules = (
			);
			dependencies = (
			);
			name = "LISPDefenders macOS";
			productName = "LISPDefenders macOS";
			productReference = 361B78F320828A5100E1106C /* LISPDefenders.app */;
			productType = "com.apple.product-type.application";
		};
		36B57CD82082C26F00E957C8 /* LISPDefendersTests */ = {
			isa = PBXNativeTarget;
			buildConfigurationList = 36B57CE02082C26F00E957C8 /* Build configuration list for PBXNativeTarget "LISPDefendersTests" */;
			buildPhases = (
				36B57CD52082C26F00E957C8 /* Sources */,
				36B57CD62082C26F00E957C8 /* Frameworks */,
				36B57CD72082C26F00E957C8 /* Resources */,
			);
			buildRules = (
			);
			dependencies = (
				36B57CDF2082C26F00E957C8 /* PBXTargetDependency */,
			);
			name = LISPDefendersTests;
			productName = LISPDefendersTests;
			productReference = 36B57CD92082C26F00E957C8 /* LISPDefendersTests.xctest */;
			productType = "com.apple.product-type.bundle.unit-test";
		};
/* End PBXNativeTarget section */

/* Begin PBXProject section */
		361B78D420828A5100E1106C /* Project object */ = {
			isa = PBXProject;
			attributes = {
				LastSwiftUpdateCheck = 0920;
				LastUpgradeCheck = 0920;
				ORGANIZATIONNAME = Jakobeha;
				TargetAttributes = {
					361B78E020828A5100E1106C = {
						CreatedOnToolsVersion = 9.2;
						ProvisioningStyle = Automatic;
					};
					361B78F220828A5100E1106C = {
						CreatedOnToolsVersion = 9.2;
						ProvisioningStyle = Automatic;
					};
					36B57CD82082C26F00E957C8 = {
						CreatedOnToolsVersion = 9.2;
						ProvisioningStyle = Automatic;
						TestTargetID = 361B78F220828A5100E1106C;
					};
				};
			};
			buildConfigurationList = 361B78D720828A5100E1106C /* Build configuration list for PBXProject "LISPDefenders" */;
			compatibilityVersion = "Xcode 8.0";
			developmentRegion = en;
			hasScannedForEncodings = 0;
			knownRegions = (
				en,
				Base,
			);
			mainGroup = 361B78D320828A5100E1106C;
			productRefGroup = 361B78E220828A5100E1106C /* Products */;
			projectDirPath = "";
			projectRoot = "";
			targets = (
				361B78E020828A5100E1106C /* LISPDefenders iOS */,
				361B78F220828A5100E1106C /* LISPDefenders macOS */,
				36B57CD82082C26F00E957C8 /* LISPDefendersTests */,
			);
		};
/* End PBXProject section */

/* Begin PBXResourcesBuildPhase section */
		361B78DF20828A5100E1106C /* Resources */ = {
			isa = PBXResourcesBuildPhase;
			buildActionMask = 2147483647;
			files = (
				36B57D3920831FAA00E957C8 /* CannonHead.png in Resources */,
				361B791420828C3000E1106C /* Standard.lisp in Resources */,
				36B57D5920836DD900E957C8 /* Background.jpg in Resources */,
				361B78FF20828A5100E1106C /* GameScene.sks in Resources */,
				361B78EA20828A5100E1106C /* Main.storyboard in Resources */,
				36B57D3520831FAA00E957C8 /* CannonBase.png in Resources */,
				361B78ED20828A5100E1106C /* LaunchScreen.storyboard in Resources */,
				361B790320828A5100E1106C /* Assets.xcassets in Resources */,
				36B57D502083669D00E957C8 /* Buffer.png in Resources */,
				36B57D532083694500E957C8 /* Buffer Arrow.png in Resources */,
			);
			runOnlyForDeploymentPostprocessing = 0;
		};
		361B78F120828A5100E1106C /* Resources */ = {
			isa = PBXResourcesBuildPhase;
			buildActionMask = 2147483647;
			files = (
				36B57D542083694500E957C8 /* Buffer Arrow.png in Resources */,
				361B78FB20828A5100E1106C /* Main.storyboard in Resources */,
				36B57D3A20831FAA00E957C8 /* CannonHead.png in Resources */,
				361B790020828A5100E1106C /* GameScene.sks in Resources */,
				36B57D512083669D00E957C8 /* Buffer.png in Resources */,
				361B790420828A5100E1106C /* Assets.xcassets in Resources */,
				36B57D5A20836DD900E957C8 /* Background.jpg in Resources */,
				361B791520828C3000E1106C /* Standard.lisp in Resources */,
				36B57D3620831FAA00E957C8 /* CannonBase.png in Resources */,
			);
			runOnlyForDeploymentPostprocessing = 0;
		};
		36B57CD72082C26F00E957C8 /* Resources */ = {
			isa = PBXResourcesBuildPhase;
			buildActionMask = 2147483647;
			files = (
			);
			runOnlyForDeploymentPostprocessing = 0;
		};
/* End PBXResourcesBuildPhase section */

/* Begin PBXSourcesBuildPhase section */
		361B78DD20828A5100E1106C /* Sources */ = {
			isa = PBXSourcesBuildPhase;
			buildActionMask = 2147483647;
			files = (
				36B57D142082E1AF00E957C8 /* SKFont.swift in Sources */,
				36B57CF02082C75000E957C8 /* CGPoint.swift in Sources */,
				36B57D4A2083606800E957C8 /* StatusController.swift in Sources */,
				361B790F20828B3400E1106C /* SExpr.swift in Sources */,
				36B57D3E20832E7D00E957C8 /* LispController.swift in Sources */,
				361B79172082918300E1106C /* Parse.swift in Sources */,
				36B57CFC2082CB5D00E957C8 /* Template.swift in Sources */,
				36B57CF92082C8A500E957C8 /* Print.swift in Sources */,
				36B57D022082D02900E957C8 /* FallingLispNodeController.swift in Sources */,
				36B57D442083479D00E957C8 /* CGFloat.swift in Sources */,
				36B57D172082E3D400E957C8 /* LispWorldController.swift in Sources */,
				361B79202082921C00E1106C /* Loc.swift in Sources */,
				36B57D202082F81700E957C8 /* FillRand.swift in Sources */,
				36B57D112082D74000E957C8 /* Random.swift in Sources */,
				361B791D208291FC00E1106C /* Locd.swift in Sources */,
				361B790120828A5100E1106C /* GameScene.swift in Sources */,
				36B57D052082D20400E957C8 /* LispSpawner.swift in Sources */,
				36B57D2320830DF200E957C8 /* CannonController.swift in Sources */,
				36B57D1D2082EDA800E957C8 /* SKLabelNode.swift in Sources */,
				36B57D2A208319BE00E957C8 /* ProjectileController.swift in Sources */,
				36B57CF62082C75000E957C8 /* CGRect.swift in Sources */,
				361B78E720828A5100E1106C /* GameViewController.swift in Sources */,
				36B57D2D20831B9800E957C8 /* ZPositions.swift in Sources */,
				361B791120828B8700E1106C /* SToken.swift in Sources */,
				36B57D0E2082D62000E957C8 /* InactiveLispWorldController.swift in Sources */,
				361B78E520828A5100E1106C /* AppDelegate.swift in Sources */,
				361B791A2082918900E1106C /* Lex.swift in Sources */,
				60372DA821CC5A857A1FC86F /* DLocdSExpr.swift in Sources */,
				60372F991C28D87A17FC6CF8 /* SAtom.swift in Sources */,
				36B57D4D2083608800E957C8 /* GameStatus.swift in Sources */,
				6037246CBE874EC0904FD39D /* SEmoji.swift in Sources */,
				60372241C03E1408544CE0F7 /* SEmojiEffect.swift in Sources */,
				36B57CE72082C60500E957C8 /* LispNodeController.swift in Sources */,
				36B57D1A2082E86D00E957C8 /* SKNode.swift in Sources */,
				603722D82289218CA269B31D /* DLocd.swift in Sources */,
				36B57CF22082C75000E957C8 /* CGSize.swift in Sources */,
				603722D09E90411DFF109208 /* Eval.swift in Sources */,
				6037262B7ED4D1C20B8D0C04 /* Array.swift in Sources */,
				60372C25DA8A29CDE72EF5AE /* SContext.swift in Sources */,
				36B57CFF2082CD4000E957C8 /* TemplateItem.swift in Sources */,
				36B57D4720835FAF00E957C8 /* ScoreController.swift in Sources */,
				60372790DFDD69C07BE607F8 /* Dictionary.swift in Sources */,
				60372F12BFAC25AAF0B9B147 /* FromBool.swift in Sources */,
				36B57CF42082C75000E957C8 /* Optional.swift in Sources */,
			);
			runOnlyForDeploymentPostprocessing = 0;
		};
		361B78EF20828A5100E1106C /* Sources */ = {
			isa = PBXSourcesBuildPhase;
			buildActionMask = 2147483647;
			files = (
				36B57D152082E1AF00E957C8 /* SKFont.swift in Sources */,
				36B57CF12082C75000E957C8 /* CGPoint.swift in Sources */,
				36B57D4B2083606800E957C8 /* StatusController.swift in Sources */,
				36B57CD32082C0FD00E957C8 /* SExpr.swift in Sources */,
				36B57D3F20832E7D00E957C8 /* LispController.swift in Sources */,
				36B57CD42082C0FD00E957C8 /* SToken.swift in Sources */,
				36B57CFD2082CB5D00E957C8 /* Template.swift in Sources */,
				36B57CFA2082C8A500E957C8 /* Print.swift in Sources */,
				36B57D032082D02900E957C8 /* FallingLispNodeController.swift in Sources */,
				36B57D452083479D00E957C8 /* CGFloat.swift in Sources */,
				36B57D182082E3D400E957C8 /* LispWorldController.swift in Sources */,
				361B790220828A5100E1106C /* GameScene.swift in Sources */,
				36B57D212082F81700E957C8 /* FillRand.swift in Sources */,
				36B57D122082D74000E957C8 /* Random.swift in Sources */,
				361B79182082918300E1106C /* Parse.swift in Sources */,
				361B79212082921C00E1106C /* Loc.swift in Sources */,
				36B57D062082D20400E957C8 /* LispSpawner.swift in Sources */,
				36B57D2420830DF200E957C8 /* CannonController.swift in Sources */,
				36B57D1E2082EDA800E957C8 /* SKLabelNode.swift in Sources */,
				36B57D2B208319BE00E957C8 /* ProjectileController.swift in Sources */,
				36B57CF72082C75000E957C8 /* CGRect.swift in Sources */,
				361B791E208291FC00E1106C /* Locd.swift in Sources */,
				36B57D2E20831B9800E957C8 /* ZPositions.swift in Sources */,
				361B78F820828A5100E1106C /* GameViewController.swift in Sources */,
				36B57D0F2082D62000E957C8 /* InactiveLispWorldController.swift in Sources */,
				361B791B2082918900E1106C /* Lex.swift in Sources */,
				361B78F620828A5100E1106C /* AppDelegate.swift in Sources */,
				603723AC0522D4563D3A3683 /* DLocdSExpr.swift in Sources */,
				603722A56D81619BC0FE65F7 /* SAtom.swift in Sources */,
				36B57D4E2083608800E957C8 /* GameStatus.swift in Sources */,
				60372AEF188D6CEF7676ABAE /* SEmoji.swift in Sources */,
				60372118DE84985ABE114119 /* SEmojiEffect.swift in Sources */,
				36B57CE82082C60500E957C8 /* LispNodeController.swift in Sources */,
				36B57D1B2082E86D00E957C8 /* SKNode.swift in Sources */,
				603725EAB17677E7AC0B5B7B /* DLocd.swift in Sources */,
				36B57CF32082C75000E957C8 /* CGSize.swift in Sources */,
				6037217D3BD6458D42954EC9 /* Eval.swift in Sources */,
				60372EE2A90A00DC90424E36 /* Array.swift in Sources */,
				603722DC4268058C44C2D0A9 /* SContext.swift in Sources */,
				36B57D002082CD4000E957C8 /* TemplateItem.swift in Sources */,
				36B57D4820835FAF00E957C8 /* ScoreController.swift in Sources */,
				60372106C6E88D1366BD47A6 /* Dictionary.swift in Sources */,
				60372EB01F15628956585BE6 /* FromBool.swift in Sources */,
				36B57CF52082C75000E957C8 /* Optional.swift in Sources */,
			);
			runOnlyForDeploymentPostprocessing = 0;
		};
		36B57CD52082C26F00E957C8 /* Sources */ = {
			isa = PBXSourcesBuildPhase;
			buildActionMask = 2147483647;
			files = (
				36B57CE42082C29B00E957C8 /* LispTests.swift in Sources */,
			);
			runOnlyForDeploymentPostprocessing = 0;
		};
/* End PBXSourcesBuildPhase section */

/* Begin PBXTargetDependency section */
		36B57CDF2082C26F00E957C8 /* PBXTargetDependency */ = {
			isa = PBXTargetDependency;
			target = 361B78F220828A5100E1106C /* LISPDefenders macOS */;
			targetProxy = 36B57CDE2082C26F00E957C8 /* PBXContainerItemProxy */;
		};
/* End PBXTargetDependency section */

/* Begin PBXVariantGroup section */
		361B78E820828A5100E1106C /* Main.storyboard */ = {
			isa = PBXVariantGroup;
			children = (
				361B78E920828A5100E1106C /* Base */,
			);
			name = Main.storyboard;
			sourceTree = "<group>";
		};
		361B78EB20828A5100E1106C /* LaunchScreen.storyboard */ = {
			isa = PBXVariantGroup;
			children = (
				361B78EC20828A5100E1106C /* Base */,
			);
			name = LaunchScreen.storyboard;
			sourceTree = "<group>";
		};
		361B78F920828A5100E1106C /* Main.storyboard */ = {
			isa = PBXVariantGroup;
			children = (
				361B78FA20828A5100E1106C /* Base */,
			);
			name = Main.storyboard;
			sourceTree = "<group>";
		};
/* End PBXVariantGroup section */

/* Begin XCBuildConfiguration section */
		361B790520828A5100E1106C /* Debug */ = {
			isa = XCBuildConfiguration;
			buildSettings = {
				ALWAYS_SEARCH_USER_PATHS = NO;
				CLANG_ANALYZER_NONNULL = YES;
				CLANG_ANALYZER_NUMBER_OBJECT_CONVERSION = YES_AGGRESSIVE;
				CLANG_CXX_LANGUAGE_STANDARD = "gnu++14";
				CLANG_CXX_LIBRARY = "libc++";
				CLANG_ENABLE_MODULES = YES;
				CLANG_ENABLE_OBJC_ARC = YES;
				CLANG_WARN_BLOCK_CAPTURE_AUTORELEASING = YES;
				CLANG_WARN_BOOL_CONVERSION = YES;
				CLANG_WARN_COMMA = YES;
				CLANG_WARN_CONSTANT_CONVERSION = YES;
				CLANG_WARN_DIRECT_OBJC_ISA_USAGE = YES_ERROR;
				CLANG_WARN_DOCUMENTATION_COMMENTS = YES;
				CLANG_WARN_EMPTY_BODY = YES;
				CLANG_WARN_ENUM_CONVERSION = YES;
				CLANG_WARN_INFINITE_RECURSION = YES;
				CLANG_WARN_INT_CONVERSION = YES;
				CLANG_WARN_NON_LITERAL_NULL_CONVERSION = YES;
				CLANG_WARN_OBJC_LITERAL_CONVERSION = YES;
				CLANG_WARN_OBJC_ROOT_CLASS = YES_ERROR;
				CLANG_WARN_RANGE_LOOP_ANALYSIS = YES;
				CLANG_WARN_STRICT_PROTOTYPES = YES;
				CLANG_WARN_SUSPICIOUS_MOVE = YES;
				CLANG_WARN_UNGUARDED_AVAILABILITY = YES_AGGRESSIVE;
				CLANG_WARN_UNREACHABLE_CODE = YES;
				CLANG_WARN__DUPLICATE_METHOD_MATCH = YES;
				COPY_PHASE_STRIP = NO;
				DEBUG_INFORMATION_FORMAT = dwarf;
				ENABLE_STRICT_OBJC_MSGSEND = YES;
				ENABLE_TESTABILITY = YES;
				GCC_C_LANGUAGE_STANDARD = gnu11;
				GCC_DYNAMIC_NO_PIC = NO;
				GCC_NO_COMMON_BLOCKS = YES;
				GCC_OPTIMIZATION_LEVEL = 0;
				GCC_PREPROCESSOR_DEFINITIONS = (
					"DEBUG=1",
					"$(inherited)",
				);
				GCC_WARN_64_TO_32_BIT_CONVERSION = YES;
				GCC_WARN_ABOUT_RETURN_TYPE = YES_ERROR;
				GCC_WARN_UNDECLARED_SELECTOR = YES;
				GCC_WARN_UNINITIALIZED_AUTOS = YES_AGGRESSIVE;
				GCC_WARN_UNUSED_FUNCTION = YES;
				GCC_WARN_UNUSED_VARIABLE = YES;
				MTL_ENABLE_DEBUG_INFO = YES;
				ONLY_ACTIVE_ARCH = YES;
				SWIFT_ACTIVE_COMPILATION_CONDITIONS = DEBUG;
				SWIFT_OPTIMIZATION_LEVEL = "-Onone";
			};
			name = Debug;
		};
		361B790620828A5100E1106C /* Release */ = {
			isa = XCBuildConfiguration;
			buildSettings = {
				ALWAYS_SEARCH_USER_PATHS = NO;
				CLANG_ANALYZER_NONNULL = YES;
				CLANG_ANALYZER_NUMBER_OBJECT_CONVERSION = YES_AGGRESSIVE;
				CLANG_CXX_LANGUAGE_STANDARD = "gnu++14";
				CLANG_CXX_LIBRARY = "libc++";
				CLANG_ENABLE_MODULES = YES;
				CLANG_ENABLE_OBJC_ARC = YES;
				CLANG_WARN_BLOCK_CAPTURE_AUTORELEASING = YES;
				CLANG_WARN_BOOL_CONVERSION = YES;
				CLANG_WARN_COMMA = YES;
				CLANG_WARN_CONSTANT_CONVERSION = YES;
				CLANG_WARN_DIRECT_OBJC_ISA_USAGE = YES_ERROR;
				CLANG_WARN_DOCUMENTATION_COMMENTS = YES;
				CLANG_WARN_EMPTY_BODY = YES;
				CLANG_WARN_ENUM_CONVERSION = YES;
				CLANG_WARN_INFINITE_RECURSION = YES;
				CLANG_WARN_INT_CONVERSION = YES;
				CLANG_WARN_NON_LITERAL_NULL_CONVERSION = YES;
				CLANG_WARN_OBJC_LITERAL_CONVERSION = YES;
				CLANG_WARN_OBJC_ROOT_CLASS = YES_ERROR;
				CLANG_WARN_RANGE_LOOP_ANALYSIS = YES;
				CLANG_WARN_STRICT_PROTOTYPES = YES;
				CLANG_WARN_SUSPICIOUS_MOVE = YES;
				CLANG_WARN_UNGUARDED_AVAILABILITY = YES_AGGRESSIVE;
				CLANG_WARN_UNREACHABLE_CODE = YES;
				CLANG_WARN__DUPLICATE_METHOD_MATCH = YES;
				COPY_PHASE_STRIP = NO;
				DEBUG_INFORMATION_FORMAT = "dwarf-with-dsym";
				ENABLE_NS_ASSERTIONS = NO;
				ENABLE_STRICT_OBJC_MSGSEND = YES;
				GCC_C_LANGUAGE_STANDARD = gnu11;
				GCC_NO_COMMON_BLOCKS = YES;
				GCC_WARN_64_TO_32_BIT_CONVERSION = YES;
				GCC_WARN_ABOUT_RETURN_TYPE = YES_ERROR;
				GCC_WARN_UNDECLARED_SELECTOR = YES;
				GCC_WARN_UNINITIALIZED_AUTOS = YES_AGGRESSIVE;
				GCC_WARN_UNUSED_FUNCTION = YES;
				GCC_WARN_UNUSED_VARIABLE = YES;
				MTL_ENABLE_DEBUG_INFO = NO;
				SWIFT_OPTIMIZATION_LEVEL = "-Owholemodule";
			};
			name = Release;
		};
		361B790820828A5100E1106C /* Debug */ = {
			isa = XCBuildConfiguration;
			buildSettings = {
				ASSETCATALOG_COMPILER_APPICON_NAME = AppIcon;
				CODE_SIGN_IDENTITY = "iPhone Developer";
				CODE_SIGN_STYLE = Automatic;
				DEVELOPMENT_TEAM = 5HTYFH877E;
				INFOPLIST_FILE = "LISPDefenders iOS/Info.plist";
				IPHONEOS_DEPLOYMENT_TARGET = 9.0;
				LD_RUNPATH_SEARCH_PATHS = "$(inherited) @executable_path/Frameworks";
				PRODUCT_BUNDLE_IDENTIFIER = com.jakobeha.LISPDefenders;
				PRODUCT_NAME = LISPDefenders;
				SDKROOT = iphoneos;
				SWIFT_VERSION = 4.0;
				TARGETED_DEVICE_FAMILY = "1,2";
			};
			name = Debug;
		};
		361B790920828A5100E1106C /* Release */ = {
			isa = XCBuildConfiguration;
			buildSettings = {
				ASSETCATALOG_COMPILER_APPICON_NAME = AppIcon;
				CODE_SIGN_IDENTITY = "iPhone Developer";
				CODE_SIGN_STYLE = Automatic;
				DEVELOPMENT_TEAM = 5HTYFH877E;
				INFOPLIST_FILE = "LISPDefenders iOS/Info.plist";
				IPHONEOS_DEPLOYMENT_TARGET = 9.0;
				LD_RUNPATH_SEARCH_PATHS = "$(inherited) @executable_path/Frameworks";
				PRODUCT_BUNDLE_IDENTIFIER = com.jakobeha.LISPDefenders;
				PRODUCT_NAME = LISPDefenders;
				SDKROOT = iphoneos;
				SWIFT_VERSION = 4.0;
				TARGETED_DEVICE_FAMILY = "1,2";
				VALIDATE_PRODUCT = YES;
			};
			name = Release;
		};
		361B790B20828A5100E1106C /* Debug */ = {
			isa = XCBuildConfiguration;
			buildSettings = {
				ASSETCATALOG_COMPILER_APPICON_NAME = AppIcon;
				CODE_SIGN_IDENTITY = "-";
				CODE_SIGN_STYLE = Automatic;
				COMBINE_HIDPI_IMAGES = YES;
				DEVELOPMENT_TEAM = 5HTYFH877E;
				INFOPLIST_FILE = "LISPDefenders macOS/Info.plist";
				LD_RUNPATH_SEARCH_PATHS = "$(inherited) @executable_path/../Frameworks";
				MACOSX_DEPLOYMENT_TARGET = 10.12;
				PRODUCT_BUNDLE_IDENTIFIER = com.jakobeha.LISPDefenders;
				PRODUCT_NAME = LISPDefenders;
				SDKROOT = macosx;
				SWIFT_VERSION = 4.0;
			};
			name = Debug;
		};
		361B790C20828A5100E1106C /* Release */ = {
			isa = XCBuildConfiguration;
			buildSettings = {
				ASSETCATALOG_COMPILER_APPICON_NAME = AppIcon;
				CODE_SIGN_IDENTITY = "-";
				CODE_SIGN_STYLE = Automatic;
				COMBINE_HIDPI_IMAGES = YES;
				DEVELOPMENT_TEAM = 5HTYFH877E;
				INFOPLIST_FILE = "LISPDefenders macOS/Info.plist";
				LD_RUNPATH_SEARCH_PATHS = "$(inherited) @executable_path/../Frameworks";
				MACOSX_DEPLOYMENT_TARGET = 10.12;
				PRODUCT_BUNDLE_IDENTIFIER = com.jakobeha.LISPDefenders;
				PRODUCT_NAME = LISPDefenders;
				SDKROOT = macosx;
				SWIFT_VERSION = 4.0;
			};
			name = Release;
		};
		36B57CE12082C26F00E957C8 /* Debug */ = {
			isa = XCBuildConfiguration;
			buildSettings = {
				BUNDLE_LOADER = "$(TEST_HOST)";
				CODE_SIGN_IDENTITY = "Mac Developer";
				CODE_SIGN_STYLE = Automatic;
				COMBINE_HIDPI_IMAGES = YES;
				DEVELOPMENT_TEAM = 5HTYFH877E;
				INFOPLIST_FILE = LISPDefendersTests/Info.plist;
				LD_RUNPATH_SEARCH_PATHS = "$(inherited) @executable_path/../Frameworks @loader_path/../Frameworks";
				MACOSX_DEPLOYMENT_TARGET = 10.12;
				PRODUCT_BUNDLE_IDENTIFIER = com.jakobeha.LISPDefendersTests;
				PRODUCT_NAME = "$(TARGET_NAME)";
				SDKROOT = macosx;
				SWIFT_VERSION = 4.0;
				TEST_HOST = "$(BUILT_PRODUCTS_DIR)/LISPDefenders.app/Contents/MacOS/LISPDefenders";
			};
			name = Debug;
		};
		36B57CE22082C26F00E957C8 /* Release */ = {
			isa = XCBuildConfiguration;
			buildSettings = {
				BUNDLE_LOADER = "$(TEST_HOST)";
				CODE_SIGN_IDENTITY = "Mac Developer";
				CODE_SIGN_STYLE = Automatic;
				COMBINE_HIDPI_IMAGES = YES;
				DEVELOPMENT_TEAM = 5HTYFH877E;
				INFOPLIST_FILE = LISPDefendersTests/Info.plist;
				LD_RUNPATH_SEARCH_PATHS = "$(inherited) @executable_path/../Frameworks @loader_path/../Frameworks";
				MACOSX_DEPLOYMENT_TARGET = 10.12;
				PRODUCT_BUNDLE_IDENTIFIER = com.jakobeha.LISPDefendersTests;
				PRODUCT_NAME = "$(TARGET_NAME)";
				SDKROOT = macosx;
				SWIFT_VERSION = 4.0;
				TEST_HOST = "$(BUILT_PRODUCTS_DIR)/LISPDefenders.app/Contents/MacOS/LISPDefenders";
			};
			name = Release;
		};
/* End XCBuildConfiguration section */

/* Begin XCConfigurationList section */
		361B78D720828A5100E1106C /* Build configuration list for PBXProject "LISPDefenders" */ = {
			isa = XCConfigurationList;
			buildConfigurations = (
				361B790520828A5100E1106C /* Debug */,
				361B790620828A5100E1106C /* Release */,
			);
			defaultConfigurationIsVisible = 0;
			defaultConfigurationName = Release;
		};
		361B790720828A5100E1106C /* Build configuration list for PBXNativeTarget "LISPDefenders iOS" */ = {
			isa = XCConfigurationList;
			buildConfigurations = (
				361B790820828A5100E1106C /* Debug */,
				361B790920828A5100E1106C /* Release */,
			);
			defaultConfigurationIsVisible = 0;
			defaultConfigurationName = Release;
		};
		361B790A20828A5100E1106C /* Build configuration list for PBXNativeTarget "LISPDefenders macOS" */ = {
			isa = XCConfigurationList;
			buildConfigurations = (
				361B790B20828A5100E1106C /* Debug */,
				361B790C20828A5100E1106C /* Release */,
			);
			defaultConfigurationIsVisible = 0;
			defaultConfigurationName = Release;
		};
		36B57CE02082C26F00E957C8 /* Build configuration list for PBXNativeTarget "LISPDefendersTests" */ = {
			isa = XCConfigurationList;
			buildConfigurations = (
				36B57CE12082C26F00E957C8 /* Debug */,
				36B57CE22082C26F00E957C8 /* Release */,
			);
			defaultConfigurationIsVisible = 0;
			defaultConfigurationName = Release;
		};
/* End XCConfigurationList section */
	};
	rootObject = 361B78D420828A5100E1106C /* Project object */;
}
